
Microsoft Visual Studio Solution File, Format Version 12.00
# Visual Studio 15
VisualStudioVersion = 15.0.28010.2048
MinimumVisualStudioVersion = 10.0.40219.1
Project("{8BC9CEB8-8B4A-11D0-8D11-00A0C91BC942}") = "U201614517_4", "U201614517_4\U201614517_4.vcxproj", "{39DAC76C-02E5-4C67-B525-62F76D153982}"
EndProject
Global
	GlobalSection(SolutionConfigurationPlatforms) = preSolution
		Debug|x64 = Debug|x64
		Debug|x86 = Debug|x86
		Release|x64 = Release|x64
		Release|x86 = Release|x86
	EndGlobalSection
	GlobalSection(ProjectConfigurationPlatforms) = postSolution
		{39DAC76C-02E5-4C67-B525-62F76D153982}.Debug|x64.ActiveCfg = Debug|x64
		{39DAC76C-02E5-4C67-B525-62F76D153982}.Debug|x64.Build.0 = Debug|x64
		{39DAC76C-02E5-4C67-B525-62F76D153982}.Debug|x86.ActiveCfg = Debug|x64
		{39DAC76C-02E5-4C67-B525-62F76D153982}.Debug|x86.Build.0 = Debug|x64
		{39DAC76C-02E5-4C67-B525-62F76D153982}.Release|x64.ActiveCfg = Release|x64
		{39DAC76C-02E5-4C67-B525-62F76D153982}.Release|x64.Build.0 = Release|x64
		{39DAC76C-02E5-4C67-B525-62F76D153982}.Release|x86.ActiveCfg = Release|Win32
		{39DAC76C-02E5-4C67-B525-62F76D153982}.Release|x86.Build.0 = Release|Win32
	EndGlobalSection
	GlobalSection(SolutionProperties) = preSolution
		HideSolutionNode = FALSE
	EndGlobalSection
	GlobalSection(ExtensibilityGlobals) = postSolution
		SolutionGuid = {952701FB-C58C-4D7F-9F25-8D2BD184FCB4}
	EndGlobalSection
EndGlobal
